
Microsoft Visual Studio Solution File, Format Version 12.00
# Visual Studio Version 17
VisualStudioVersion = 17.4.33213.308
MinimumVisualStudioVersion = 10.0.40219.1
Project("{FAE04EC0-301F-11D3-BF4B-00C04F79EFBC}") = "TareasMVC", "TareasMVC\TareasMVC.csproj", "{EBFCBD73-BF60-4302-AC38-934994DC2274}"
EndProject
Global
	GlobalSection(SolutionConfigurationPlatforms) = preSolution
		Debug|Any CPU = Debug|Any CPU
		Release|Any CPU = Release|Any CPU
	EndGlobalSection
	GlobalSection(ProjectConfigurationPlatforms) = postSolution
		{EBFCBD73-BF60-4302-AC38-934994DC2274}.Debug|Any CPU.ActiveCfg = Debug|Any CPU
		{EBFCBD73-BF60-4302-AC38-934994DC2274}.Debug|Any CPU.Build.0 = Debug|Any CPU
		{EBFCBD73-BF60-4302-AC38-934994DC2274}.Release|Any CPU.ActiveCfg = Release|Any CPU
		{EBFCBD73-BF60-4302-AC38-934994DC2274}.Release|Any CPU.Build.0 = Release|Any CPU
	EndGlobalSection
	GlobalSection(SolutionProperties) = preSolution
		HideSolutionNode = FALSE
	EndGlobalSection
	GlobalSection(ExtensibilityGlobals) = postSolution
		SolutionGuid = {D1F373B6-D630-46C8-8174-C1C57C616B33}
	EndGlobalSection
EndGlobal
